
Microsoft Visual Studio Solution File, Format Version 12.00
# Visual Studio Version 17
VisualStudioVersion = 17.0.32112.339
MinimumVisualStudioVersion = 10.0.40219.1
Project("{9A19103F-16F7-4668-BE54-9A1E7A4F7556}") = "advinarNumero", "advinarNumero.csproj", "{358BD88C-F61C-4B62-AFDB-D69CCB4FF195}"
EndProject
Global
	GlobalSection(SolutionConfigurationPlatforms) = preSolution
		Debug|Any CPU = Debug|Any CPU
		Release|Any CPU = Release|Any CPU
	EndGlobalSection
	GlobalSection(ProjectConfigurationPlatforms) = postSolution
		{358BD88C-F61C-4B62-AFDB-D69CCB4FF195}.Debug|Any CPU.ActiveCfg = Debug|Any CPU
		{358BD88C-F61C-4B62-AFDB-D69CCB4FF195}.Debug|Any CPU.Build.0 = Debug|Any CPU
		{358BD88C-F61C-4B62-AFDB-D69CCB4FF195}.Release|Any CPU.ActiveCfg = Release|Any CPU
		{358BD88C-F61C-4B62-AFDB-D69CCB4FF195}.Release|Any CPU.Build.0 = Release|Any CPU
	EndGlobalSection
	GlobalSection(SolutionProperties) = preSolution
		HideSolutionNode = FALSE
	EndGlobalSection
	GlobalSection(ExtensibilityGlobals) = postSolution
		SolutionGuid = {552778E6-237B-49A8-8286-5EE0FE1DD792}
	EndGlobalSection
EndGlobal
